
Microsoft Visual Studio Solution File, Format Version 12.00
# Visual Studio 14
VisualStudioVersion = 14.0.25420.1
MinimumVisualStudioVersion = 10.0.40219.1
Project("{2150E333-8FDC-42A3-9474-1A3956D46DE8}") = "Projects", "Projects", "{1D4E78EC-DA89-4071-9067-891CA95C2481}"
EndProject
Project("{2150E333-8FDC-42A3-9474-1A3956D46DE8}") = "Library", "Library", "{04D21698-EEDE-414A-9D4F-62C37E85A4A5}"
EndProject
Project("{2150E333-8FDC-42A3-9474-1A3956D46DE8}") = "Resources", "Resources", "{4F21BB61-6C20-467F-8CB1-99AEBC7F1B37}"
EndProject
Project("{2150E333-8FDC-42A3-9474-1A3956D46DE8}") = "Localization", "Localization", "{EAFD2DAF-1A32-4503-8314-9A1E942ABBCA}"
	ProjectSection(SolutionItems) = preProject
		Resources\Localization\Carat.lang = Resources\Localization\Carat.lang
		Resources\Localization\Configurator.lang = Resources\Localization\Configurator.lang
		Resources\Localization\IntegralSystem.lang = Resources\Localization\IntegralSystem.lang
		Resources\Localization\Objects.lang = Resources\Localization\Objects.lang
	EndProjectSection
EndProject
Project("{2150E333-8FDC-42A3-9474-1A3956D46DE8}") = "Other", "Other", "{EE400866-0550-461D-BF40-8BF3ABEF7E41}"
	ProjectSection(SolutionItems) = preProject
		Resources\Other\ClassTemplateFields.xml = Resources\Other\ClassTemplateFields.xml
		Resources\Other\Configurator.xml = Resources\Other\Configurator.xml
	EndProjectSection
EndProject
Project("{2150E333-8FDC-42A3-9474-1A3956D46DE8}") = "CSS", "CSS", "{33F902D5-EB73-4A94-85ED-91278C95C687}"
	ProjectSection(SolutionItems) = preProject
		Resources\CSS\ISBaseTableView.css = Resources\CSS\ISBaseTableView.css
		Resources\CSS\ISCalendarWidget.ButtonMonth.css = Resources\CSS\ISCalendarWidget.ButtonMonth.css
		Resources\CSS\ISCalendarWidget.ButtonYear.css = Resources\CSS\ISCalendarWidget.ButtonYear.css
		Resources\CSS\ISLabelImage.css = Resources\CSS\ISLabelImage.css
		Resources\CSS\ISLabelLink.css = Resources\CSS\ISLabelLink.css
		Resources\CSS\ISLineEdit.css = Resources\CSS\ISLineEdit.css
		Resources\CSS\ISMainWindow.TabBar.css = Resources\CSS\ISMainWindow.TabBar.css
		Resources\CSS\ISMainWindow.TabWidget.css = Resources\CSS\ISMainWindow.TabWidget.css
		Resources\CSS\ISMenuBar.Button.css = Resources\CSS\ISMenuBar.Button.css
		Resources\CSS\ISParagraphButton.css = Resources\CSS\ISParagraphButton.css
		Resources\CSS\ISPopup.css = Resources\CSS\ISPopup.css
		Resources\CSS\ISPushButton.css = Resources\CSS\ISPushButton.css
		Resources\CSS\ISScrollArea.css = Resources\CSS\ISScrollArea.css
		Resources\CSS\ISTextEdit.css = Resources\CSS\ISTextEdit.css
		Resources\CSS\QGroupBoxAccessSubSystem.css = Resources\CSS\QGroupBoxAccessSubSystem.css
		Resources\CSS\QLabel.Color.Blue.css = Resources\CSS\QLabel.Color.Blue.css
		Resources\CSS\QLabel.Color.Gray.css = Resources\CSS\QLabel.Color.Gray.css
		Resources\CSS\QLabel.Color.Green.css = Resources\CSS\QLabel.Color.Green.css
		Resources\CSS\QLabel.Color.Red.css = Resources\CSS\QLabel.Color.Red.css
		Resources\CSS\QLabel.Color.White.css = Resources\CSS\QLabel.Color.White.css
		Resources\CSS\QLabel.Shadow.css = Resources\CSS\QLabel.Shadow.css
		Resources\CSS\QLabel.TaskStatus.Close.css = Resources\CSS\QLabel.TaskStatus.Close.css
		Resources\CSS\QLabel.TaskStatus.Done.css = Resources\CSS\QLabel.TaskStatus.Done.css
		Resources\CSS\QLabel.TaskStatus.InWork.css = Resources\CSS\QLabel.TaskStatus.InWork.css
		Resources\CSS\QLabel.TaskStatus.NotDone.css = Resources\CSS\QLabel.TaskStatus.NotDone.css
		Resources\CSS\QLabel.TaskStatus.Open.css = Resources\CSS\QLabel.TaskStatus.Open.css
		Resources\CSS\QPushButtonListEdit.css = Resources\CSS\QPushButtonListEdit.css
		Resources\CSS\QTabBarTask.css = Resources\CSS\QTabBarTask.css
		Resources\CSS\QTabWidgetTask.css = Resources\CSS\QTabWidgetTask.css
		Resources\CSS\QToolButtonMainMenu.css = Resources\CSS\QToolButtonMainMenu.css
		Resources\CSS\QToolButtonMenu.css = Resources\CSS\QToolButtonMenu.css
		Resources\CSS\QToolTip.css = Resources\CSS\QToolTip.css
		Resources\CSS\QWidgetParagraph.Checked.css = Resources\CSS\QWidgetParagraph.Checked.css
		Resources\CSS\Task.Priority.Average.css = Resources\CSS\Task.Priority.Average.css
		Resources\CSS\Task.Priority.Critical.css = Resources\CSS\Task.Priority.Critical.css
		Resources\CSS\Task.Priority.Low.css = Resources\CSS\Task.Priority.Low.css
		Resources\CSS\Task.Priority.Tall.css = Resources\CSS\Task.Priority.Tall.css
	EndProjectSection
EndProject
Project("{2150E333-8FDC-42A3-9474-1A3956D46DE8}") = "Support", "Support", "{3C2C83C7-48D1-42BE-9A46-7DF17884D161}"
	ProjectSection(SolutionItems) = preProject
		Support\MetaTable Example.txt = Support\MetaTable Example.txt
		Support\Инструкция по добавлению класса рабочего стола.txt = Support\Инструкция по добавлению класса рабочего стола.txt
		Support\Инструкция по файлу конфигурации Configuration.inf.txt = Support\Инструкция по файлу конфигурации Configuration.inf.txt
		Support\Описание свойств полей.txt = Support\Описание свойств полей.txt
	EndProjectSection
EndProject
Project("{2150E333-8FDC-42A3-9474-1A3956D46DE8}") = "Scheme", "Scheme", "{EDC6FC6C-ABB5-41F9-AC2E-CD3A3788902C}"
	ProjectSection(SolutionItems) = preProject
		Resources\Scheme\Asterisk.xsn = Resources\Scheme\Asterisk.xsn
		Resources\Scheme\Asterisk.xsr = Resources\Scheme\Asterisk.xsr
		Resources\Scheme\Functions.xsf = Resources\Scheme\Functions.xsf
		Resources\Scheme\Settings.xsn = Resources\Scheme\Settings.xsn
		Resources\Scheme\Settings.xsr = Resources\Scheme\Settings.xsr
		Resources\Scheme\SettingsDatabase.xsn = Resources\Scheme\SettingsDatabase.xsn
		Resources\Scheme\SettingsDatabase.xsr = Resources\Scheme\SettingsDatabase.xsr
		Resources\Scheme\System.xsn = Resources\Scheme\System.xsn
		Resources\Scheme\System.xsr = Resources\Scheme\System.xsr
		Resources\Scheme\Task.xsn = Resources\Scheme\Task.xsn
		Resources\Scheme\Task.xsr = Resources\Scheme\Task.xsr
		Resources\Scheme\User.xsn = Resources\Scheme\User.xsn
		Resources\Scheme\User.xsr = Resources\Scheme\User.xsr
	EndProjectSection
EndProject
Project("{8BC9CEB8-8B4A-11D0-8D11-00A0C91BC942}") = "Configurator", "Projects\Configurator\Configurator.vcxproj", "{641EC90D-70E1-42F5-9F2F-22C5238F1D02}"
	ProjectSection(ProjectDependencies) = postProject
		{DF96E239-1BB5-402B-B4F4-BF01D4A168BF} = {DF96E239-1BB5-402B-B4F4-BF01D4A168BF}
	EndProjectSection
EndProject
Project("{8BC9CEB8-8B4A-11D0-8D11-00A0C91BC942}") = "IntegralSystem", "Projects\IntegralSystem\IntegralSystem.vcxproj", "{C053A5FD-33FA-4841-B964-3C8CC6AF3F23}"
	ProjectSection(ProjectDependencies) = postProject
		{DF96E239-1BB5-402B-B4F4-BF01D4A168BF} = {DF96E239-1BB5-402B-B4F4-BF01D4A168BF}
		{9CBC8DDD-F3EB-4D2F-9F63-8F4EFF2D1E36} = {9CBC8DDD-F3EB-4D2F-9F63-8F4EFF2D1E36}
	EndProjectSection
EndProject
Project("{8BC9CEB8-8B4A-11D0-8D11-00A0C91BC942}") = "Carat", "Projects\Carat\Carat.vcxproj", "{0E5C4046-F164-4AEA-91E1-E0B899A28F3D}"
	ProjectSection(ProjectDependencies) = postProject
		{DF96E239-1BB5-402B-B4F4-BF01D4A168BF} = {DF96E239-1BB5-402B-B4F4-BF01D4A168BF}
	EndProjectSection
EndProject
Project("{8BC9CEB8-8B4A-11D0-8D11-00A0C91BC942}") = "ISCore", "Library\ISCore\ISCore.vcxproj", "{DF96E239-1BB5-402B-B4F4-BF01D4A168BF}"
EndProject
Project("{8BC9CEB8-8B4A-11D0-8D11-00A0C91BC942}") = "ISGui", "Library\ISGui\ISGui.vcxproj", "{9CBC8DDD-F3EB-4D2F-9F63-8F4EFF2D1E36}"
	ProjectSection(ProjectDependencies) = postProject
		{DF96E239-1BB5-402B-B4F4-BF01D4A168BF} = {DF96E239-1BB5-402B-B4F4-BF01D4A168BF}
	EndProjectSection
EndProject
Project("{2150E333-8FDC-42A3-9474-1A3956D46DE8}") = "Licenses", "Licenses", "{3BE791E4-23C3-4D11-A390-9964ED39A461}"
	ProjectSection(SolutionItems) = preProject
		Resources\Licenses\IntegralSystem.txt = Resources\Licenses\IntegralSystem.txt
	EndProjectSection
EndProject
Project("{2150E333-8FDC-42A3-9474-1A3956D46DE8}") = "SQL", "SQL", "{07985F92-BD9B-4E1B-8F51-23562DF5C543}"
	ProjectSection(SolutionItems) = preProject
		Resources\SQL\SelectCounterpartyMoveWagon.sql = Resources\SQL\SelectCounterpartyMoveWagon.sql
		Resources\SQL\SelectStockAdmissionImplementation.sql = Resources\SQL\SelectStockAdmissionImplementation.sql
		Resources\SQL\SelectStockAdmissionTrain.sql = Resources\SQL\SelectStockAdmissionTrain.sql
		Resources\SQL\SelectStockWriteOff.sql = Resources\SQL\SelectStockWriteOff.sql
	EndProjectSection
EndProject
Global
	GlobalSection(SolutionConfigurationPlatforms) = preSolution
		Debug|Win32 = Debug|Win32
		Debug|x64 = Debug|x64
		Release|Win32 = Release|Win32
		Release|x64 = Release|x64
	EndGlobalSection
	GlobalSection(ProjectConfigurationPlatforms) = postSolution
		{641EC90D-70E1-42F5-9F2F-22C5238F1D02}.Debug|Win32.ActiveCfg = Debug|Win32
		{641EC90D-70E1-42F5-9F2F-22C5238F1D02}.Debug|Win32.Build.0 = Debug|Win32
		{641EC90D-70E1-42F5-9F2F-22C5238F1D02}.Debug|x64.ActiveCfg = Debug|x64
		{641EC90D-70E1-42F5-9F2F-22C5238F1D02}.Debug|x64.Build.0 = Debug|x64
		{641EC90D-70E1-42F5-9F2F-22C5238F1D02}.Release|Win32.ActiveCfg = Release|Win32
		{641EC90D-70E1-42F5-9F2F-22C5238F1D02}.Release|Win32.Build.0 = Release|Win32
		{641EC90D-70E1-42F5-9F2F-22C5238F1D02}.Release|x64.ActiveCfg = Release|x64
		{641EC90D-70E1-42F5-9F2F-22C5238F1D02}.Release|x64.Build.0 = Release|x64
		{C053A5FD-33FA-4841-B964-3C8CC6AF3F23}.Debug|Win32.ActiveCfg = Debug|Win32
		{C053A5FD-33FA-4841-B964-3C8CC6AF3F23}.Debug|Win32.Build.0 = Debug|Win32
		{C053A5FD-33FA-4841-B964-3C8CC6AF3F23}.Debug|x64.ActiveCfg = Debug|x64
		{C053A5FD-33FA-4841-B964-3C8CC6AF3F23}.Debug|x64.Build.0 = Debug|x64
		{C053A5FD-33FA-4841-B964-3C8CC6AF3F23}.Release|Win32.ActiveCfg = Release|Win32
		{C053A5FD-33FA-4841-B964-3C8CC6AF3F23}.Release|Win32.Build.0 = Release|Win32
		{C053A5FD-33FA-4841-B964-3C8CC6AF3F23}.Release|x64.ActiveCfg = Release|x64
		{C053A5FD-33FA-4841-B964-3C8CC6AF3F23}.Release|x64.Build.0 = Release|x64
		{0E5C4046-F164-4AEA-91E1-E0B899A28F3D}.Debug|Win32.ActiveCfg = Debug|Win32
		{0E5C4046-F164-4AEA-91E1-E0B899A28F3D}.Debug|Win32.Build.0 = Debug|Win32
		{0E5C4046-F164-4AEA-91E1-E0B899A28F3D}.Debug|x64.ActiveCfg = Debug|x64
		{0E5C4046-F164-4AEA-91E1-E0B899A28F3D}.Debug|x64.Build.0 = Debug|x64
		{0E5C4046-F164-4AEA-91E1-E0B899A28F3D}.Release|Win32.ActiveCfg = Release|Win32
		{0E5C4046-F164-4AEA-91E1-E0B899A28F3D}.Release|Win32.Build.0 = Release|Win32
		{0E5C4046-F164-4AEA-91E1-E0B899A28F3D}.Release|x64.ActiveCfg = Release|x64
		{0E5C4046-F164-4AEA-91E1-E0B899A28F3D}.Release|x64.Build.0 = Release|x64
		{DF96E239-1BB5-402B-B4F4-BF01D4A168BF}.Debug|Win32.ActiveCfg = Debug|Win32
		{DF96E239-1BB5-402B-B4F4-BF01D4A168BF}.Debug|Win32.Build.0 = Debug|Win32
		{DF96E239-1BB5-402B-B4F4-BF01D4A168BF}.Debug|x64.ActiveCfg = Debug|x64
		{DF96E239-1BB5-402B-B4F4-BF01D4A168BF}.Debug|x64.Build.0 = Debug|x64
		{DF96E239-1BB5-402B-B4F4-BF01D4A168BF}.Release|Win32.ActiveCfg = Release|Win32
		{DF96E239-1BB5-402B-B4F4-BF01D4A168BF}.Release|Win32.Build.0 = Release|Win32
		{DF96E239-1BB5-402B-B4F4-BF01D4A168BF}.Release|x64.ActiveCfg = Release|x64
		{DF96E239-1BB5-402B-B4F4-BF01D4A168BF}.Release|x64.Build.0 = Release|x64
		{9CBC8DDD-F3EB-4D2F-9F63-8F4EFF2D1E36}.Debug|Win32.ActiveCfg = Debug|Win32
		{9CBC8DDD-F3EB-4D2F-9F63-8F4EFF2D1E36}.Debug|Win32.Build.0 = Debug|Win32
		{9CBC8DDD-F3EB-4D2F-9F63-8F4EFF2D1E36}.Debug|x64.ActiveCfg = Debug|x64
		{9CBC8DDD-F3EB-4D2F-9F63-8F4EFF2D1E36}.Debug|x64.Build.0 = Debug|x64
		{9CBC8DDD-F3EB-4D2F-9F63-8F4EFF2D1E36}.Release|Win32.ActiveCfg = Release|Win32
		{9CBC8DDD-F3EB-4D2F-9F63-8F4EFF2D1E36}.Release|Win32.Build.0 = Release|Win32
		{9CBC8DDD-F3EB-4D2F-9F63-8F4EFF2D1E36}.Release|x64.ActiveCfg = Release|x64
		{9CBC8DDD-F3EB-4D2F-9F63-8F4EFF2D1E36}.Release|x64.Build.0 = Release|x64
	EndGlobalSection
	GlobalSection(SolutionProperties) = preSolution
		HideSolutionNode = FALSE
	EndGlobalSection
	GlobalSection(NestedProjects) = preSolution
		{EAFD2DAF-1A32-4503-8314-9A1E942ABBCA} = {4F21BB61-6C20-467F-8CB1-99AEBC7F1B37}
		{EE400866-0550-461D-BF40-8BF3ABEF7E41} = {4F21BB61-6C20-467F-8CB1-99AEBC7F1B37}
		{33F902D5-EB73-4A94-85ED-91278C95C687} = {4F21BB61-6C20-467F-8CB1-99AEBC7F1B37}
		{EDC6FC6C-ABB5-41F9-AC2E-CD3A3788902C} = {4F21BB61-6C20-467F-8CB1-99AEBC7F1B37}
		{641EC90D-70E1-42F5-9F2F-22C5238F1D02} = {1D4E78EC-DA89-4071-9067-891CA95C2481}
		{C053A5FD-33FA-4841-B964-3C8CC6AF3F23} = {1D4E78EC-DA89-4071-9067-891CA95C2481}
		{0E5C4046-F164-4AEA-91E1-E0B899A28F3D} = {1D4E78EC-DA89-4071-9067-891CA95C2481}
		{DF96E239-1BB5-402B-B4F4-BF01D4A168BF} = {04D21698-EEDE-414A-9D4F-62C37E85A4A5}
		{9CBC8DDD-F3EB-4D2F-9F63-8F4EFF2D1E36} = {04D21698-EEDE-414A-9D4F-62C37E85A4A5}
		{3BE791E4-23C3-4D11-A390-9964ED39A461} = {4F21BB61-6C20-467F-8CB1-99AEBC7F1B37}
		{07985F92-BD9B-4E1B-8F51-23562DF5C543} = {4F21BB61-6C20-467F-8CB1-99AEBC7F1B37}
	EndGlobalSection
	GlobalSection(ExtensibilityGlobals) = postSolution
		Qt5Version = 58_msvc2015
		SolutionGuid = {FE207297-F8FD-441B-A6FE-4D476762D8CA}
	EndGlobalSection
EndGlobal
