
Microsoft Visual Studio Solution File, Format Version 12.00
# Visual Studio 14
VisualStudioVersion = 14.0.25420.1
MinimumVisualStudioVersion = 10.0.40219.1
Project("{2150E333-8FDC-42A3-9474-1A3956D46DE8}") = "Projects", "Projects", "{1D4E78EC-DA89-4071-9067-891CA95C2481}"
EndProject
Project("{2150E333-8FDC-42A3-9474-1A3956D46DE8}") = "Library", "Library", "{04D21698-EEDE-414A-9D4F-62C37E85A4A5}"
EndProject
Project("{2150E333-8FDC-42A3-9474-1A3956D46DE8}") = "Resources", "Resources", "{4F21BB61-6C20-467F-8CB1-99AEBC7F1B37}"
EndProject
Project("{2150E333-8FDC-42A3-9474-1A3956D46DE8}") = "Localization", "Localization", "{EAFD2DAF-1A32-4503-8314-9A1E942ABBCA}"
	ProjectSection(SolutionItems) = preProject
		Resources\Localization\Core.lang = Resources\Localization\Core.lang
		Resources\Localization\IntegralSystem.lang = Resources\Localization\IntegralSystem.lang
		Resources\Localization\Objects.lang = Resources\Localization\Objects.lang
	EndProjectSection
EndProject
Project("{2150E333-8FDC-42A3-9474-1A3956D46DE8}") = "Other", "Other", "{EE400866-0550-461D-BF40-8BF3ABEF7E41}"
	ProjectSection(SolutionItems) = preProject
		Resources\Other\ClassTemplateFields.xml = Resources\Other\ClassTemplateFields.xml
		Resources\Other\Configuration.xml = Resources\Other\Configuration.xml
		Resources\Other\Configurator.xml = Resources\Other\Configurator.xml
	EndProjectSection
EndProject
Project("{2150E333-8FDC-42A3-9474-1A3956D46DE8}") = "CSS", "CSS", "{33F902D5-EB73-4A94-85ED-91278C95C687}"
	ProjectSection(SolutionItems) = preProject
		Resources\CSS\Banner.ProgressBar.css = Resources\CSS\Banner.ProgressBar.css
		Resources\CSS\ISBaseTableView.css = Resources\CSS\ISBaseTableView.css
		Resources\CSS\ISButtonNotify.Blink.css = Resources\CSS\ISButtonNotify.Blink.css
		Resources\CSS\ISButtonNotify.White.css = Resources\CSS\ISButtonNotify.White.css
		Resources\CSS\ISIntegerEdit.css = Resources\CSS\ISIntegerEdit.css
		Resources\CSS\ISLabelImage.css = Resources\CSS\ISLabelImage.css
		Resources\CSS\ISLabelLink.css = Resources\CSS\ISLabelLink.css
		Resources\CSS\ISLineEdit.css = Resources\CSS\ISLineEdit.css
		Resources\CSS\ISMenuBar.Button.css = Resources\CSS\ISMenuBar.Button.css
		Resources\CSS\ISMenuBarButton.css = Resources\CSS\ISMenuBarButton.css
		Resources\CSS\ISParagraphButton.css = Resources\CSS\ISParagraphButton.css
		Resources\CSS\ISPopup.css = Resources\CSS\ISPopup.css
		Resources\CSS\ISPushButton.css = Resources\CSS\ISPushButton.css
		Resources\CSS\ISScrollArea.css = Resources\CSS\ISScrollArea.css
		Resources\CSS\ISSystemsTree.css = Resources\CSS\ISSystemsTree.css
		Resources\CSS\ISTextEdit.css = Resources\CSS\ISTextEdit.css
		Resources\CSS\QComboBox.css = Resources\CSS\QComboBox.css
		Resources\CSS\QGroupBoxAccessSubSystem.css = Resources\CSS\QGroupBoxAccessSubSystem.css
		Resources\CSS\QLabel.Color.Gray.css = Resources\CSS\QLabel.Color.Gray.css
		Resources\CSS\QLabel.Color.Red.css = Resources\CSS\QLabel.Color.Red.css
		Resources\CSS\QLabel.Color.White.css = Resources\CSS\QLabel.Color.White.css
		Resources\CSS\QLabel.Shadow.css = Resources\CSS\QLabel.Shadow.css
		Resources\CSS\QProgressBar.ListForm.Search.css = Resources\CSS\QProgressBar.ListForm.Search.css
		Resources\CSS\QPushButtonListEdit.css = Resources\CSS\QPushButtonListEdit.css
		Resources\CSS\QTabWidget.css = Resources\CSS\QTabWidget.css
		Resources\CSS\QTabWidget.MainWindow.css = Resources\CSS\QTabWidget.MainWindow.css
		Resources\CSS\QToolButtonMainMenu.css = Resources\CSS\QToolButtonMainMenu.css
		Resources\CSS\QToolButtonMenu.css = Resources\CSS\QToolButtonMenu.css
		Resources\CSS\QToolTip.css = Resources\CSS\QToolTip.css
		Resources\CSS\Task.Priority.Average.css = Resources\CSS\Task.Priority.Average.css
		Resources\CSS\Task.Priority.Low.css = Resources\CSS\Task.Priority.Low.css
		Resources\CSS\Task.Priority.Tall.css = Resources\CSS\Task.Priority.Tall.css
		Resources\CSS\Task.Status.Canceled.css = Resources\CSS\Task.Status.Canceled.css
		Resources\CSS\Task.Status.Close.css = Resources\CSS\Task.Status.Close.css
		Resources\CSS\Task.Status.Done.css = Resources\CSS\Task.Status.Done.css
		Resources\CSS\Task.Status.Duplicate.css = Resources\CSS\Task.Status.Duplicate.css
		Resources\CSS\Task.Status.InWork.css = Resources\CSS\Task.Status.InWork.css
		Resources\CSS\Task.Status.NotDone.css = Resources\CSS\Task.Status.NotDone.css
	EndProjectSection
EndProject
Project("{2150E333-8FDC-42A3-9474-1A3956D46DE8}") = "Support", "Support", "{3C2C83C7-48D1-42BE-9A46-7DF17884D161}"
	ProjectSection(SolutionItems) = preProject
		Support\MetaTable Example.txt = Support\MetaTable Example.txt
		Support\Инструкция по добавлению класса рабочего стола.txt = Support\Инструкция по добавлению класса рабочего стола.txt
		Support\Инструкция по файлу конфигурации Configuration.inf.txt = Support\Инструкция по файлу конфигурации Configuration.inf.txt
		Support\Описание свойств полей.txt = Support\Описание свойств полей.txt
	EndProjectSection
EndProject
Project("{2150E333-8FDC-42A3-9474-1A3956D46DE8}") = "Scheme", "Scheme", "{EDC6FC6C-ABB5-41F9-AC2E-CD3A3788902C}"
	ProjectSection(SolutionItems) = preProject
		Resources\Scheme\Asterisk.xsn = Resources\Scheme\Asterisk.xsn
		Resources\Scheme\Asterisk.xsr = Resources\Scheme\Asterisk.xsr
		Resources\Scheme\Carat.xsn = Resources\Scheme\Carat.xsn
		Resources\Scheme\Carat.xsr = Resources\Scheme\Carat.xsr
		Resources\Scheme\Countries.xsr = Resources\Scheme\Countries.xsr
		Resources\Scheme\Currency.xsr = Resources\Scheme\Currency.xsr
		Resources\Scheme\Device.xsn = Resources\Scheme\Device.xsn
		Resources\Scheme\Device.xsr = Resources\Scheme\Device.xsr
		Resources\Scheme\FIAS.xsn = Resources\Scheme\FIAS.xsn
		Resources\Scheme\FIAS.xsr = Resources\Scheme\FIAS.xsr
		Resources\Scheme\Functions.xsf = Resources\Scheme\Functions.xsf
		Resources\Scheme\Printing.xsn = Resources\Scheme\Printing.xsn
		Resources\Scheme\Printing.xsr = Resources\Scheme\Printing.xsr
		Resources\Scheme\Settings.xsn = Resources\Scheme\Settings.xsn
		Resources\Scheme\Settings.xsr = Resources\Scheme\Settings.xsr
		Resources\Scheme\SettingsDatabase.xsn = Resources\Scheme\SettingsDatabase.xsn
		Resources\Scheme\SettingsDatabase.xsr = Resources\Scheme\SettingsDatabase.xsr
		Resources\Scheme\System.xsn = Resources\Scheme\System.xsn
		Resources\Scheme\System.xsr = Resources\Scheme\System.xsr
		Resources\Scheme\Task.xsn = Resources\Scheme\Task.xsn
		Resources\Scheme\Task.xsr = Resources\Scheme\Task.xsr
		Resources\Scheme\Units.xsr = Resources\Scheme\Units.xsr
		Resources\Scheme\User.xsn = Resources\Scheme\User.xsn
		Resources\Scheme\User.xsr = Resources\Scheme\User.xsr
	EndProjectSection
EndProject
Project("{8BC9CEB8-8B4A-11D0-8D11-00A0C91BC942}") = "libGui", "Library\libGui\libGui.vcxproj", "{1419D79F-D3DB-43C6-9685-A8CBABF21C12}"
	ProjectSection(ProjectDependencies) = postProject
		{DF96E239-1BB5-402B-B4F4-BF01D4A168BF} = {DF96E239-1BB5-402B-B4F4-BF01D4A168BF}
	EndProjectSection
EndProject
Project("{8BC9CEB8-8B4A-11D0-8D11-00A0C91BC942}") = "Configurator", "Projects\Configurator\Configurator.vcxproj", "{641EC90D-70E1-42F5-9F2F-22C5238F1D02}"
	ProjectSection(ProjectDependencies) = postProject
		{DF96E239-1BB5-402B-B4F4-BF01D4A168BF} = {DF96E239-1BB5-402B-B4F4-BF01D4A168BF}
	EndProjectSection
EndProject
Project("{8BC9CEB8-8B4A-11D0-8D11-00A0C91BC942}") = "IntegralSystem", "Projects\IntegralSystem\IntegralSystem.vcxproj", "{C053A5FD-33FA-4841-B964-3C8CC6AF3F23}"
	ProjectSection(ProjectDependencies) = postProject
		{DF96E239-1BB5-402B-B4F4-BF01D4A168BF} = {DF96E239-1BB5-402B-B4F4-BF01D4A168BF}
		{1419D79F-D3DB-43C6-9685-A8CBABF21C12} = {1419D79F-D3DB-43C6-9685-A8CBABF21C12}
	EndProjectSection
EndProject
Project("{8BC9CEB8-8B4A-11D0-8D11-00A0C91BC942}") = "Carat", "Projects\Carat\Carat.vcxproj", "{0E5C4046-F164-4AEA-91E1-E0B899A28F3D}"
	ProjectSection(ProjectDependencies) = postProject
		{B5362F26-1F58-4E99-9E7B-EA5956EEEE4B} = {B5362F26-1F58-4E99-9E7B-EA5956EEEE4B}
		{DF96E239-1BB5-402B-B4F4-BF01D4A168BF} = {DF96E239-1BB5-402B-B4F4-BF01D4A168BF}
	EndProjectSection
EndProject
Project("{8BC9CEB8-8B4A-11D0-8D11-00A0C91BC942}") = "CaratAsteriskQueue", "Projects\CaratAsteriskQueue\CaratAsteriskQueue.vcxproj", "{EA56A435-BF39-4001-8097-61F889CB7AD5}"
EndProject
Project("{8BC9CEB8-8B4A-11D0-8D11-00A0C91BC942}") = "CaratAsteriskRecord", "Projects\CaratAsteriskRecord\CaratAsteriskRecord.vcxproj", "{C93DB678-7C18-4736-8B5A-05543E692C3C}"
EndProject
Project("{8BC9CEB8-8B4A-11D0-8D11-00A0C91BC942}") = "CaratCalendar", "Projects\CaratCalendar\CaratCalendar.vcxproj", "{44B6A674-B7EC-4A1D-A127-07DCB1AD29EA}"
EndProject
Project("{8BC9CEB8-8B4A-11D0-8D11-00A0C91BC942}") = "CaratCenterSeven", "Projects\CaratCenterSeven\CaratCenterSeven.vcxproj", "{2276ADEA-1286-4499-AF3E-8DDB6D31BB6E}"
EndProject
Project("{8BC9CEB8-8B4A-11D0-8D11-00A0C91BC942}") = "CaratHighway", "Projects\CaratHighway\CaratHighway.vcxproj", "{93D0048D-AD56-4289-AB16-C2814F5D2CBE}"
EndProject
Project("{8BC9CEB8-8B4A-11D0-8D11-00A0C91BC942}") = "CaratInformResource", "Projects\CaratInformResource\CaratInformResource.vcxproj", "{21BD88DE-6358-41BC-86D5-81F0485F5592}"
EndProject
Project("{8BC9CEB8-8B4A-11D0-8D11-00A0C91BC942}") = "CaratMail", "Projects\CaratMail\CaratMail.vcxproj", "{BB40C769-CF55-4650-BA59-859D7EF3EB69}"
EndProject
Project("{8BC9CEB8-8B4A-11D0-8D11-00A0C91BC942}") = "CaratMedTech", "Projects\CaratMedTech\CaratMedTech.vcxproj", "{749734F9-8E0D-4EA4-A18A-8599F891DD3A}"
EndProject
Project("{2150E333-8FDC-42A3-9474-1A3956D46DE8}") = "CaratCores", "CaratCores", "{08698096-FA74-4437-85DA-7CDC9B1C17B6}"
EndProject
Project("{8BC9CEB8-8B4A-11D0-8D11-00A0C91BC942}") = "CaratNotification", "Projects\CaratNotification\CaratNotification.vcxproj", "{2C35F5E7-CA98-4852-800A-BA083D866B70}"
EndProject
Project("{8BC9CEB8-8B4A-11D0-8D11-00A0C91BC942}") = "CaratScheduler", "Projects\CaratScheduler\CaratScheduler.vcxproj", "{7591334D-499C-4ACC-934F-3416EBC179DE}"
EndProject
Project("{8BC9CEB8-8B4A-11D0-8D11-00A0C91BC942}") = "CaratSMS", "Projects\CaratSMS\CaratSMS.vcxproj", "{D326150C-504A-46B5-B138-A6C093820B2F}"
EndProject
Project("{8BC9CEB8-8B4A-11D0-8D11-00A0C91BC942}") = "CaratTelephony", "Projects\CaratTelephony\CaratTelephony.vcxproj", "{ADF90776-C5D8-44F7-B840-EA8008316E18}"
EndProject
Project("{2150E333-8FDC-42A3-9474-1A3956D46DE8}") = "ConfigTemplate", "ConfigTemplate", "{0E0DF063-6722-4FD3-9334-A6AF7BBD2C14}"
	ProjectSection(SolutionItems) = preProject
		Resources\ConfigTemplate\Client.ini = Resources\ConfigTemplate\Client.ini
		Resources\ConfigTemplate\Server.ini = Resources\ConfigTemplate\Server.ini
	EndProjectSection
EndProject
Project("{8BC9CEB8-8B4A-11D0-8D11-00A0C91BC942}") = "ErrorViewer", "Projects\ErrorViewer\ErrorViewer.vcxproj", "{8C1C6DF9-CA03-426D-A1EB-6A573409CD17}"
EndProject
Project("{8BC9CEB8-8B4A-11D0-8D11-00A0C91BC942}") = "ConsoleApplication", "Projects\ConsoleApplication\ConsoleApplication.vcxproj", "{195D12A6-6A4A-45F8-9294-5B4A0D6DE962}"
EndProject
Project("{8BC9CEB8-8B4A-11D0-8D11-00A0C91BC942}") = "ISCore", "Library\ISCore\ISCore.vcxproj", "{DF96E239-1BB5-402B-B4F4-BF01D4A168BF}"
EndProject
Project("{8BC9CEB8-8B4A-11D0-8D11-00A0C91BC942}") = "ISCarat", "Library\ISCarat\ISCarat.vcxproj", "{B5362F26-1F58-4E99-9E7B-EA5956EEEE4B}"
	ProjectSection(ProjectDependencies) = postProject
		{DF96E239-1BB5-402B-B4F4-BF01D4A168BF} = {DF96E239-1BB5-402B-B4F4-BF01D4A168BF}
	EndProjectSection
EndProject
Global
	GlobalSection(SolutionConfigurationPlatforms) = preSolution
		Debug|Win32 = Debug|Win32
		Debug|x64 = Debug|x64
		Release|Win32 = Release|Win32
		Release|x64 = Release|x64
	EndGlobalSection
	GlobalSection(ProjectConfigurationPlatforms) = postSolution
		{1419D79F-D3DB-43C6-9685-A8CBABF21C12}.Debug|Win32.ActiveCfg = Debug|Win32
		{1419D79F-D3DB-43C6-9685-A8CBABF21C12}.Debug|Win32.Build.0 = Debug|Win32
		{1419D79F-D3DB-43C6-9685-A8CBABF21C12}.Debug|x64.ActiveCfg = Debug|Win32
		{1419D79F-D3DB-43C6-9685-A8CBABF21C12}.Release|Win32.ActiveCfg = Release|Win32
		{1419D79F-D3DB-43C6-9685-A8CBABF21C12}.Release|Win32.Build.0 = Release|Win32
		{1419D79F-D3DB-43C6-9685-A8CBABF21C12}.Release|x64.ActiveCfg = Release|Win32
		{641EC90D-70E1-42F5-9F2F-22C5238F1D02}.Debug|Win32.ActiveCfg = Debug|Win32
		{641EC90D-70E1-42F5-9F2F-22C5238F1D02}.Debug|Win32.Build.0 = Debug|Win32
		{641EC90D-70E1-42F5-9F2F-22C5238F1D02}.Debug|x64.ActiveCfg = Debug|Win32
		{641EC90D-70E1-42F5-9F2F-22C5238F1D02}.Release|Win32.ActiveCfg = Release|Win32
		{641EC90D-70E1-42F5-9F2F-22C5238F1D02}.Release|Win32.Build.0 = Release|Win32
		{641EC90D-70E1-42F5-9F2F-22C5238F1D02}.Release|x64.ActiveCfg = Release|Win32
		{C053A5FD-33FA-4841-B964-3C8CC6AF3F23}.Debug|Win32.ActiveCfg = Debug|Win32
		{C053A5FD-33FA-4841-B964-3C8CC6AF3F23}.Debug|Win32.Build.0 = Debug|Win32
		{C053A5FD-33FA-4841-B964-3C8CC6AF3F23}.Debug|x64.ActiveCfg = Debug|Win32
		{C053A5FD-33FA-4841-B964-3C8CC6AF3F23}.Release|Win32.ActiveCfg = Release|Win32
		{C053A5FD-33FA-4841-B964-3C8CC6AF3F23}.Release|Win32.Build.0 = Release|Win32
		{C053A5FD-33FA-4841-B964-3C8CC6AF3F23}.Release|x64.ActiveCfg = Release|Win32
		{0E5C4046-F164-4AEA-91E1-E0B899A28F3D}.Debug|Win32.ActiveCfg = Debug|Win32
		{0E5C4046-F164-4AEA-91E1-E0B899A28F3D}.Debug|Win32.Build.0 = Debug|Win32
		{0E5C4046-F164-4AEA-91E1-E0B899A28F3D}.Debug|x64.ActiveCfg = Debug|Win32
		{0E5C4046-F164-4AEA-91E1-E0B899A28F3D}.Release|Win32.ActiveCfg = Release|Win32
		{0E5C4046-F164-4AEA-91E1-E0B899A28F3D}.Release|Win32.Build.0 = Release|Win32
		{0E5C4046-F164-4AEA-91E1-E0B899A28F3D}.Release|x64.ActiveCfg = Release|Win32
		{EA56A435-BF39-4001-8097-61F889CB7AD5}.Debug|Win32.ActiveCfg = Debug|Win32
		{EA56A435-BF39-4001-8097-61F889CB7AD5}.Debug|Win32.Build.0 = Debug|Win32
		{EA56A435-BF39-4001-8097-61F889CB7AD5}.Debug|x64.ActiveCfg = Debug|Win32
		{EA56A435-BF39-4001-8097-61F889CB7AD5}.Release|Win32.ActiveCfg = Release|Win32
		{EA56A435-BF39-4001-8097-61F889CB7AD5}.Release|Win32.Build.0 = Release|Win32
		{EA56A435-BF39-4001-8097-61F889CB7AD5}.Release|x64.ActiveCfg = Release|Win32
		{C93DB678-7C18-4736-8B5A-05543E692C3C}.Debug|Win32.ActiveCfg = Debug|Win32
		{C93DB678-7C18-4736-8B5A-05543E692C3C}.Debug|Win32.Build.0 = Debug|Win32
		{C93DB678-7C18-4736-8B5A-05543E692C3C}.Debug|x64.ActiveCfg = Debug|Win32
		{C93DB678-7C18-4736-8B5A-05543E692C3C}.Release|Win32.ActiveCfg = Release|Win32
		{C93DB678-7C18-4736-8B5A-05543E692C3C}.Release|Win32.Build.0 = Release|Win32
		{C93DB678-7C18-4736-8B5A-05543E692C3C}.Release|x64.ActiveCfg = Release|Win32
		{44B6A674-B7EC-4A1D-A127-07DCB1AD29EA}.Debug|Win32.ActiveCfg = Debug|Win32
		{44B6A674-B7EC-4A1D-A127-07DCB1AD29EA}.Debug|Win32.Build.0 = Debug|Win32
		{44B6A674-B7EC-4A1D-A127-07DCB1AD29EA}.Debug|x64.ActiveCfg = Debug|Win32
		{44B6A674-B7EC-4A1D-A127-07DCB1AD29EA}.Release|Win32.ActiveCfg = Release|Win32
		{44B6A674-B7EC-4A1D-A127-07DCB1AD29EA}.Release|Win32.Build.0 = Release|Win32
		{44B6A674-B7EC-4A1D-A127-07DCB1AD29EA}.Release|x64.ActiveCfg = Release|Win32
		{2276ADEA-1286-4499-AF3E-8DDB6D31BB6E}.Debug|Win32.ActiveCfg = Debug|Win32
		{2276ADEA-1286-4499-AF3E-8DDB6D31BB6E}.Debug|Win32.Build.0 = Debug|Win32
		{2276ADEA-1286-4499-AF3E-8DDB6D31BB6E}.Debug|x64.ActiveCfg = Debug|Win32
		{2276ADEA-1286-4499-AF3E-8DDB6D31BB6E}.Release|Win32.ActiveCfg = Release|Win32
		{2276ADEA-1286-4499-AF3E-8DDB6D31BB6E}.Release|Win32.Build.0 = Release|Win32
		{2276ADEA-1286-4499-AF3E-8DDB6D31BB6E}.Release|x64.ActiveCfg = Release|Win32
		{93D0048D-AD56-4289-AB16-C2814F5D2CBE}.Debug|Win32.ActiveCfg = Debug|Win32
		{93D0048D-AD56-4289-AB16-C2814F5D2CBE}.Debug|Win32.Build.0 = Debug|Win32
		{93D0048D-AD56-4289-AB16-C2814F5D2CBE}.Debug|x64.ActiveCfg = Debug|Win32
		{93D0048D-AD56-4289-AB16-C2814F5D2CBE}.Release|Win32.ActiveCfg = Release|Win32
		{93D0048D-AD56-4289-AB16-C2814F5D2CBE}.Release|Win32.Build.0 = Release|Win32
		{93D0048D-AD56-4289-AB16-C2814F5D2CBE}.Release|x64.ActiveCfg = Release|Win32
		{21BD88DE-6358-41BC-86D5-81F0485F5592}.Debug|Win32.ActiveCfg = Debug|Win32
		{21BD88DE-6358-41BC-86D5-81F0485F5592}.Debug|Win32.Build.0 = Debug|Win32
		{21BD88DE-6358-41BC-86D5-81F0485F5592}.Debug|x64.ActiveCfg = Debug|Win32
		{21BD88DE-6358-41BC-86D5-81F0485F5592}.Release|Win32.ActiveCfg = Release|Win32
		{21BD88DE-6358-41BC-86D5-81F0485F5592}.Release|Win32.Build.0 = Release|Win32
		{21BD88DE-6358-41BC-86D5-81F0485F5592}.Release|x64.ActiveCfg = Release|Win32
		{BB40C769-CF55-4650-BA59-859D7EF3EB69}.Debug|Win32.ActiveCfg = Debug|Win32
		{BB40C769-CF55-4650-BA59-859D7EF3EB69}.Debug|Win32.Build.0 = Debug|Win32
		{BB40C769-CF55-4650-BA59-859D7EF3EB69}.Debug|x64.ActiveCfg = Debug|Win32
		{BB40C769-CF55-4650-BA59-859D7EF3EB69}.Release|Win32.ActiveCfg = Release|Win32
		{BB40C769-CF55-4650-BA59-859D7EF3EB69}.Release|Win32.Build.0 = Release|Win32
		{BB40C769-CF55-4650-BA59-859D7EF3EB69}.Release|x64.ActiveCfg = Release|Win32
		{749734F9-8E0D-4EA4-A18A-8599F891DD3A}.Debug|Win32.ActiveCfg = Debug|Win32
		{749734F9-8E0D-4EA4-A18A-8599F891DD3A}.Debug|Win32.Build.0 = Debug|Win32
		{749734F9-8E0D-4EA4-A18A-8599F891DD3A}.Debug|x64.ActiveCfg = Debug|Win32
		{749734F9-8E0D-4EA4-A18A-8599F891DD3A}.Release|Win32.ActiveCfg = Release|Win32
		{749734F9-8E0D-4EA4-A18A-8599F891DD3A}.Release|Win32.Build.0 = Release|Win32
		{749734F9-8E0D-4EA4-A18A-8599F891DD3A}.Release|x64.ActiveCfg = Release|Win32
		{2C35F5E7-CA98-4852-800A-BA083D866B70}.Debug|Win32.ActiveCfg = Debug|Win32
		{2C35F5E7-CA98-4852-800A-BA083D866B70}.Debug|Win32.Build.0 = Debug|Win32
		{2C35F5E7-CA98-4852-800A-BA083D866B70}.Debug|x64.ActiveCfg = Debug|Win32
		{2C35F5E7-CA98-4852-800A-BA083D866B70}.Release|Win32.ActiveCfg = Release|Win32
		{2C35F5E7-CA98-4852-800A-BA083D866B70}.Release|Win32.Build.0 = Release|Win32
		{2C35F5E7-CA98-4852-800A-BA083D866B70}.Release|x64.ActiveCfg = Release|Win32
		{7591334D-499C-4ACC-934F-3416EBC179DE}.Debug|Win32.ActiveCfg = Debug|Win32
		{7591334D-499C-4ACC-934F-3416EBC179DE}.Debug|Win32.Build.0 = Debug|Win32
		{7591334D-499C-4ACC-934F-3416EBC179DE}.Debug|x64.ActiveCfg = Debug|Win32
		{7591334D-499C-4ACC-934F-3416EBC179DE}.Release|Win32.ActiveCfg = Release|Win32
		{7591334D-499C-4ACC-934F-3416EBC179DE}.Release|Win32.Build.0 = Release|Win32
		{7591334D-499C-4ACC-934F-3416EBC179DE}.Release|x64.ActiveCfg = Release|Win32
		{D326150C-504A-46B5-B138-A6C093820B2F}.Debug|Win32.ActiveCfg = Debug|Win32
		{D326150C-504A-46B5-B138-A6C093820B2F}.Debug|Win32.Build.0 = Debug|Win32
		{D326150C-504A-46B5-B138-A6C093820B2F}.Debug|x64.ActiveCfg = Debug|Win32
		{D326150C-504A-46B5-B138-A6C093820B2F}.Release|Win32.ActiveCfg = Release|Win32
		{D326150C-504A-46B5-B138-A6C093820B2F}.Release|Win32.Build.0 = Release|Win32
		{D326150C-504A-46B5-B138-A6C093820B2F}.Release|x64.ActiveCfg = Release|Win32
		{ADF90776-C5D8-44F7-B840-EA8008316E18}.Debug|Win32.ActiveCfg = Debug|Win32
		{ADF90776-C5D8-44F7-B840-EA8008316E18}.Debug|Win32.Build.0 = Debug|Win32
		{ADF90776-C5D8-44F7-B840-EA8008316E18}.Debug|x64.ActiveCfg = Debug|Win32
		{ADF90776-C5D8-44F7-B840-EA8008316E18}.Release|Win32.ActiveCfg = Release|Win32
		{ADF90776-C5D8-44F7-B840-EA8008316E18}.Release|Win32.Build.0 = Release|Win32
		{ADF90776-C5D8-44F7-B840-EA8008316E18}.Release|x64.ActiveCfg = Release|Win32
		{8C1C6DF9-CA03-426D-A1EB-6A573409CD17}.Debug|Win32.ActiveCfg = Debug|Win32
		{8C1C6DF9-CA03-426D-A1EB-6A573409CD17}.Debug|Win32.Build.0 = Debug|Win32
		{8C1C6DF9-CA03-426D-A1EB-6A573409CD17}.Debug|x64.ActiveCfg = Debug|Win32
		{8C1C6DF9-CA03-426D-A1EB-6A573409CD17}.Release|Win32.ActiveCfg = Release|Win32
		{8C1C6DF9-CA03-426D-A1EB-6A573409CD17}.Release|Win32.Build.0 = Release|Win32
		{8C1C6DF9-CA03-426D-A1EB-6A573409CD17}.Release|x64.ActiveCfg = Release|Win32
		{195D12A6-6A4A-45F8-9294-5B4A0D6DE962}.Debug|Win32.ActiveCfg = Debug|Win32
		{195D12A6-6A4A-45F8-9294-5B4A0D6DE962}.Debug|Win32.Build.0 = Debug|Win32
		{195D12A6-6A4A-45F8-9294-5B4A0D6DE962}.Debug|x64.ActiveCfg = Debug|x64
		{195D12A6-6A4A-45F8-9294-5B4A0D6DE962}.Debug|x64.Build.0 = Debug|x64
		{195D12A6-6A4A-45F8-9294-5B4A0D6DE962}.Release|Win32.ActiveCfg = Release|Win32
		{195D12A6-6A4A-45F8-9294-5B4A0D6DE962}.Release|Win32.Build.0 = Release|Win32
		{195D12A6-6A4A-45F8-9294-5B4A0D6DE962}.Release|x64.ActiveCfg = Release|x64
		{195D12A6-6A4A-45F8-9294-5B4A0D6DE962}.Release|x64.Build.0 = Release|x64
		{DF96E239-1BB5-402B-B4F4-BF01D4A168BF}.Debug|Win32.ActiveCfg = Debug|Win32
		{DF96E239-1BB5-402B-B4F4-BF01D4A168BF}.Debug|Win32.Build.0 = Debug|Win32
		{DF96E239-1BB5-402B-B4F4-BF01D4A168BF}.Debug|x64.ActiveCfg = Debug|Win32
		{DF96E239-1BB5-402B-B4F4-BF01D4A168BF}.Release|Win32.ActiveCfg = Release|Win32
		{DF96E239-1BB5-402B-B4F4-BF01D4A168BF}.Release|Win32.Build.0 = Release|Win32
		{DF96E239-1BB5-402B-B4F4-BF01D4A168BF}.Release|x64.ActiveCfg = Release|Win32
		{B5362F26-1F58-4E99-9E7B-EA5956EEEE4B}.Debug|Win32.ActiveCfg = Debug|Win32
		{B5362F26-1F58-4E99-9E7B-EA5956EEEE4B}.Debug|Win32.Build.0 = Debug|Win32
		{B5362F26-1F58-4E99-9E7B-EA5956EEEE4B}.Debug|x64.ActiveCfg = Debug|Win32
		{B5362F26-1F58-4E99-9E7B-EA5956EEEE4B}.Release|Win32.ActiveCfg = Release|Win32
		{B5362F26-1F58-4E99-9E7B-EA5956EEEE4B}.Release|Win32.Build.0 = Release|Win32
		{B5362F26-1F58-4E99-9E7B-EA5956EEEE4B}.Release|x64.ActiveCfg = Release|Win32
	EndGlobalSection
	GlobalSection(SolutionProperties) = preSolution
		HideSolutionNode = FALSE
	EndGlobalSection
	GlobalSection(NestedProjects) = preSolution
		{EAFD2DAF-1A32-4503-8314-9A1E942ABBCA} = {4F21BB61-6C20-467F-8CB1-99AEBC7F1B37}
		{EE400866-0550-461D-BF40-8BF3ABEF7E41} = {4F21BB61-6C20-467F-8CB1-99AEBC7F1B37}
		{33F902D5-EB73-4A94-85ED-91278C95C687} = {4F21BB61-6C20-467F-8CB1-99AEBC7F1B37}
		{EDC6FC6C-ABB5-41F9-AC2E-CD3A3788902C} = {4F21BB61-6C20-467F-8CB1-99AEBC7F1B37}
		{1419D79F-D3DB-43C6-9685-A8CBABF21C12} = {04D21698-EEDE-414A-9D4F-62C37E85A4A5}
		{641EC90D-70E1-42F5-9F2F-22C5238F1D02} = {1D4E78EC-DA89-4071-9067-891CA95C2481}
		{C053A5FD-33FA-4841-B964-3C8CC6AF3F23} = {1D4E78EC-DA89-4071-9067-891CA95C2481}
		{0E5C4046-F164-4AEA-91E1-E0B899A28F3D} = {1D4E78EC-DA89-4071-9067-891CA95C2481}
		{EA56A435-BF39-4001-8097-61F889CB7AD5} = {08698096-FA74-4437-85DA-7CDC9B1C17B6}
		{C93DB678-7C18-4736-8B5A-05543E692C3C} = {08698096-FA74-4437-85DA-7CDC9B1C17B6}
		{44B6A674-B7EC-4A1D-A127-07DCB1AD29EA} = {08698096-FA74-4437-85DA-7CDC9B1C17B6}
		{2276ADEA-1286-4499-AF3E-8DDB6D31BB6E} = {08698096-FA74-4437-85DA-7CDC9B1C17B6}
		{93D0048D-AD56-4289-AB16-C2814F5D2CBE} = {08698096-FA74-4437-85DA-7CDC9B1C17B6}
		{21BD88DE-6358-41BC-86D5-81F0485F5592} = {08698096-FA74-4437-85DA-7CDC9B1C17B6}
		{BB40C769-CF55-4650-BA59-859D7EF3EB69} = {08698096-FA74-4437-85DA-7CDC9B1C17B6}
		{749734F9-8E0D-4EA4-A18A-8599F891DD3A} = {08698096-FA74-4437-85DA-7CDC9B1C17B6}
		{2C35F5E7-CA98-4852-800A-BA083D866B70} = {08698096-FA74-4437-85DA-7CDC9B1C17B6}
		{7591334D-499C-4ACC-934F-3416EBC179DE} = {08698096-FA74-4437-85DA-7CDC9B1C17B6}
		{D326150C-504A-46B5-B138-A6C093820B2F} = {08698096-FA74-4437-85DA-7CDC9B1C17B6}
		{ADF90776-C5D8-44F7-B840-EA8008316E18} = {08698096-FA74-4437-85DA-7CDC9B1C17B6}
		{0E0DF063-6722-4FD3-9334-A6AF7BBD2C14} = {4F21BB61-6C20-467F-8CB1-99AEBC7F1B37}
		{8C1C6DF9-CA03-426D-A1EB-6A573409CD17} = {1D4E78EC-DA89-4071-9067-891CA95C2481}
		{195D12A6-6A4A-45F8-9294-5B4A0D6DE962} = {1D4E78EC-DA89-4071-9067-891CA95C2481}
		{DF96E239-1BB5-402B-B4F4-BF01D4A168BF} = {04D21698-EEDE-414A-9D4F-62C37E85A4A5}
		{B5362F26-1F58-4E99-9E7B-EA5956EEEE4B} = {04D21698-EEDE-414A-9D4F-62C37E85A4A5}
	EndGlobalSection
	GlobalSection(ExtensibilityGlobals) = postSolution
		Qt5Version = 58_msvc2015
		SolutionGuid = {FE207297-F8FD-441B-A6FE-4D476762D8CA}
	EndGlobalSection
EndGlobal
