
Microsoft Visual Studio Solution File, Format Version 12.00
# Visual Studio 14
VisualStudioVersion = 14.0.25420.1
MinimumVisualStudioVersion = 10.0.40219.1
Project("{8BC9CEB8-8B4A-11D0-8D11-00A0C91BC942}") = "INIReader", "Tools\INIReader\INIReader.vcxproj", "{A2314264-C77D-4E8D-B775-97B7C676D4EE}"
EndProject
Project("{8BC9CEB8-8B4A-11D0-8D11-00A0C91BC942}") = "ResourceActual", "Tools\ResourceActual\ResourceActual.vcxproj", "{21A28351-93FD-4C5D-A824-46E527B82C19}"
EndProject
Global
	GlobalSection(SolutionConfigurationPlatforms) = preSolution
		Debug|x64 = Debug|x64
		Debug|x86 = Debug|x86
		Release|x64 = Release|x64
		Release|x86 = Release|x86
	EndGlobalSection
	GlobalSection(ProjectConfigurationPlatforms) = postSolution
		{A2314264-C77D-4E8D-B775-97B7C676D4EE}.Debug|x64.ActiveCfg = Debug|x64
		{A2314264-C77D-4E8D-B775-97B7C676D4EE}.Debug|x64.Build.0 = Debug|x64
		{A2314264-C77D-4E8D-B775-97B7C676D4EE}.Debug|x86.ActiveCfg = Debug|Win32
		{A2314264-C77D-4E8D-B775-97B7C676D4EE}.Debug|x86.Build.0 = Debug|Win32
		{A2314264-C77D-4E8D-B775-97B7C676D4EE}.Release|x64.ActiveCfg = Release|x64
		{A2314264-C77D-4E8D-B775-97B7C676D4EE}.Release|x64.Build.0 = Release|x64
		{A2314264-C77D-4E8D-B775-97B7C676D4EE}.Release|x86.ActiveCfg = Release|Win32
		{A2314264-C77D-4E8D-B775-97B7C676D4EE}.Release|x86.Build.0 = Release|Win32
		{21A28351-93FD-4C5D-A824-46E527B82C19}.Debug|x64.ActiveCfg = Debug|x64
		{21A28351-93FD-4C5D-A824-46E527B82C19}.Debug|x64.Build.0 = Debug|x64
		{21A28351-93FD-4C5D-A824-46E527B82C19}.Debug|x86.ActiveCfg = Debug|Win32
		{21A28351-93FD-4C5D-A824-46E527B82C19}.Debug|x86.Build.0 = Debug|Win32
		{21A28351-93FD-4C5D-A824-46E527B82C19}.Release|x64.ActiveCfg = Release|x64
		{21A28351-93FD-4C5D-A824-46E527B82C19}.Release|x64.Build.0 = Release|x64
		{21A28351-93FD-4C5D-A824-46E527B82C19}.Release|x86.ActiveCfg = Release|Win32
		{21A28351-93FD-4C5D-A824-46E527B82C19}.Release|x86.Build.0 = Release|Win32
	EndGlobalSection
	GlobalSection(SolutionProperties) = preSolution
		HideSolutionNode = FALSE
	EndGlobalSection
EndGlobal
