<?xml version="1.0" encoding="utf-8"?>
<Project ToolsVersion="4.0" xmlns="http://schemas.microsoft.com/developer/msbuild/2003">
  <ItemGroup>
    <Filter Include="System">
      <UniqueIdentifier>{67DA6AB6-F800-4c08-8B7A-83BB121AAD01}</UniqueIdentifier>
      <Extensions>rc;ico;cur;bmp;dlg;rc2;rct;bin;rgs;gif;jpg;jpeg;jpe;resx;tiff;tif;png;wav;mfcribbon-ms</Extensions>
    </Filter>
    <Filter Include="Config">
      <UniqueIdentifier>{4f240a2c-7ef4-4bea-a554-72a9c5cffd60}</UniqueIdentifier>
    </Filter>
    <Filter Include="TinyXML2">
      <UniqueIdentifier>{f07c48d2-ae9b-4150-9a80-5ee579509fd0}</UniqueIdentifier>
    </Filter>
    <Filter Include="Types">
      <UniqueIdentifier>{43461daf-7215-41a1-b40f-af9b621c91a9}</UniqueIdentifier>
    </Filter>
  </ItemGroup>
  <ItemGroup>
    <ClCompile Include="StdAfx.cpp">
      <Filter>System</Filter>
    </ClCompile>
    <ClCompile Include="ISAlgorithm.cpp">
      <Filter>System</Filter>
    </ClCompile>
    <ClCompile Include="ISLogger.cpp">
      <Filter>System</Filter>
    </ClCompile>
    <ClCompile Include="ISDebug.cpp">
      <Filter>System</Filter>
    </ClCompile>
    <ClCompile Include="ISAssert.cpp">
      <Filter>System</Filter>
    </ClCompile>
    <ClCompile Include="ISTrace.cpp">
      <Filter>System</Filter>
    </ClCompile>
    <ClCompile Include="ISConfig.cpp">
      <Filter>Config</Filter>
    </ClCompile>
    <ClCompile Include="tinyxml2.cpp">
      <Filter>TinyXML2</Filter>
    </ClCompile>
    <ClCompile Include="ISLocalization.cpp">
      <Filter>System</Filter>
    </ClCompile>
    <ClCompile Include="ISResourcer.cpp">
      <Filter>System</Filter>
    </ClCompile>
    <ClCompile Include="ConvertUTF.c">
      <Filter>Config</Filter>
    </ClCompile>
    <ClCompile Include="ISDateTime.cpp">
      <Filter>Types</Filter>
    </ClCompile>
    <ClCompile Include="ISProperty.cpp">
      <Filter>Types</Filter>
    </ClCompile>
    <ClCompile Include="hashmap.cpp">
      <Filter>System</Filter>
    </ClCompile>
  </ItemGroup>
  <ItemGroup>
    <ClInclude Include="StdAfx.h">
      <Filter>System</Filter>
    </ClInclude>
    <ClInclude Include="ISAlgorithm.h">
      <Filter>System</Filter>
    </ClInclude>
    <ClInclude Include="ISConstants.h">
      <Filter>System</Filter>
    </ClInclude>
    <ClInclude Include="ISTypedefs.h">
      <Filter>System</Filter>
    </ClInclude>
    <ClInclude Include="ISLogger.h">
      <Filter>System</Filter>
    </ClInclude>
    <ClInclude Include="ISNamespace.h">
      <Filter>System</Filter>
    </ClInclude>
    <ClInclude Include="ISStructs.h">
      <Filter>System</Filter>
    </ClInclude>
    <ClInclude Include="ISDebug.h">
      <Filter>System</Filter>
    </ClInclude>
    <ClInclude Include="ISAssert.h">
      <Filter>System</Filter>
    </ClInclude>
    <ClInclude Include="ISTrace.h">
      <Filter>System</Filter>
    </ClInclude>
    <ClInclude Include="SimpleIni.h">
      <Filter>Config</Filter>
    </ClInclude>
    <ClInclude Include="ISConfig.h">
      <Filter>Config</Filter>
    </ClInclude>
    <ClInclude Include="tinyxml2.h">
      <Filter>TinyXML2</Filter>
    </ClInclude>
    <ClInclude Include="ISLocalization.h">
      <Filter>System</Filter>
    </ClInclude>
    <ClInclude Include="ISResourcer.h">
      <Filter>System</Filter>
    </ClInclude>
    <ClInclude Include="ConvertUTF.h">
      <Filter>Config</Filter>
    </ClInclude>
    <ClInclude Include="ISDateTime.h">
      <Filter>Types</Filter>
    </ClInclude>
    <ClInclude Include="ISProperty.h">
      <Filter>Types</Filter>
    </ClInclude>
    <ClInclude Include="hashmap.h">
      <Filter>System</Filter>
    </ClInclude>
  </ItemGroup>
</Project>