<?xml version="1.0" encoding="utf-8"?>
<Project ToolsVersion="4.0" xmlns="http://schemas.microsoft.com/developer/msbuild/2003">
  <ItemGroup>
    <Filter Include="System">
      <UniqueIdentifier>{67DA6AB6-F800-4c08-8B7A-83BB121AAD01}</UniqueIdentifier>
      <Extensions>rc;ico;cur;bmp;dlg;rc2;rct;bin;rgs;gif;jpg;jpeg;jpe;resx;tiff;tif;png;wav;mfcribbon-ms</Extensions>
    </Filter>
    <Filter Include="Tcp">
      <UniqueIdentifier>{ee131c1a-2172-4050-b97a-323b5f401469}</UniqueIdentifier>
    </Filter>
    <Filter Include="Resource Files">
      <UniqueIdentifier>{3199efdf-b2e1-442d-bd28-6c978b4001a2}</UniqueIdentifier>
    </Filter>
    <Filter Include="StackWalker">
      <UniqueIdentifier>{4692fb7b-2f1a-41ef-9945-92f8c8fec9a4}</UniqueIdentifier>
    </Filter>
  </ItemGroup>
  <ItemGroup>
    <ClCompile Include="main.cpp">
      <Filter>System</Filter>
    </ClCompile>
    <ClCompile Include="ISCaratApplication.cpp">
      <Filter>System</Filter>
    </ClCompile>
    <ClCompile Include="ISTcpServer.cpp">
      <Filter>Tcp</Filter>
    </ClCompile>
    <ClCompile Include="ISTcpClient.cpp">
      <Filter>Tcp</Filter>
    </ClCompile>
    <ClCompile Include="ISTcpMessage.cpp">
      <Filter>Tcp</Filter>
    </ClCompile>
    <ClCompile Include="ISTcpQueue.cpp">
      <Filter>Tcp</Filter>
    </ClCompile>
    <ClCompile Include="ISTcpWorker.cpp">
      <Filter>Tcp</Filter>
    </ClCompile>
    <ClCompile Include="ISTcpAnswer.cpp">
      <Filter>Tcp</Filter>
    </ClCompile>
    <ClCompile Include="ISTcpClients.cpp">
      <Filter>Tcp</Filter>
    </ClCompile>
    <ClCompile Include="ISTcpWorkerHelper.cpp">
      <Filter>Tcp</Filter>
    </ClCompile>
    <ClCompile Include="ISFail2Ban.cpp">
      <Filter>Tcp</Filter>
    </ClCompile>
    <ClCompile Include="ISBlockedIP.cpp">
      <Filter>Tcp</Filter>
    </ClCompile>
    <ClCompile Include="ISStackWalker.cpp">
      <Filter>StackWalker</Filter>
    </ClCompile>
    <ClCompile Include="StackWalker.cpp">
      <Filter>StackWalker</Filter>
    </ClCompile>
    <ClCompile Include="ISCrashDumper.cpp">
      <Filter>StackWalker</Filter>
    </ClCompile>
  </ItemGroup>
  <ItemGroup>
    <ClInclude Include="ISCaratApplication.h">
      <Filter>System</Filter>
    </ClInclude>
    <ClInclude Include="ISTcpServer.h">
      <Filter>Tcp</Filter>
    </ClInclude>
    <ClInclude Include="ISTcpClient.h">
      <Filter>Tcp</Filter>
    </ClInclude>
    <ClInclude Include="ISTcpMessage.h">
      <Filter>Tcp</Filter>
    </ClInclude>
    <ClInclude Include="ISTcpQueue.h">
      <Filter>Tcp</Filter>
    </ClInclude>
    <ClInclude Include="ISTcpWorker.h">
      <Filter>Tcp</Filter>
    </ClInclude>
    <ClInclude Include="ISTcpAnswer.h">
      <Filter>Tcp</Filter>
    </ClInclude>
    <ClInclude Include="ISTcpClients.h">
      <Filter>Tcp</Filter>
    </ClInclude>
    <ClInclude Include="ISTcpWorkerHelper.h">
      <Filter>Tcp</Filter>
    </ClInclude>
    <ClInclude Include="ISFail2Ban.h">
      <Filter>Tcp</Filter>
    </ClInclude>
    <ClInclude Include="ISBlockedIP.h">
      <Filter>Tcp</Filter>
    </ClInclude>
    <ClInclude Include="ISStackWalker.h">
      <Filter>StackWalker</Filter>
    </ClInclude>
    <ClInclude Include="StackWalker.h">
      <Filter>StackWalker</Filter>
    </ClInclude>
    <ClInclude Include="ISCrashDumper.h">
      <Filter>StackWalker</Filter>
    </ClInclude>
    <ClInclude Include="..\..\ISRevision.h" />
  </ItemGroup>
  <ItemGroup>
    <ResourceCompile Include="Carat.rc">
      <Filter>Resource Files</Filter>
    </ResourceCompile>
  </ItemGroup>
</Project>