<?xml version="1.0" encoding="utf-8"?>
<Project ToolsVersion="4.0" xmlns="http://schemas.microsoft.com/developer/msbuild/2003">
  <ItemGroup>
    <Filter Include="Resource Files">
      <UniqueIdentifier>{55bbb2cc-d3ad-46b1-9192-305925c0e72f}</UniqueIdentifier>
    </Filter>
    <Filter Include="TcpServer">
      <UniqueIdentifier>{4FC737F1-C7A5-4376-A066-2A32D752A2FF}</UniqueIdentifier>
      <Extensions>cpp;c;cc;cxx;def;odl;idl;hpj;bat;asm;asmx</Extensions>
    </Filter>
    <Filter Include="System">
      <UniqueIdentifier>{c47e88f3-ffc2-4fe7-90e8-f10d24f2092e}</UniqueIdentifier>
    </Filter>
  </ItemGroup>
  <ItemGroup>
    <ClCompile Include="ISTcpQueue.cpp">
      <Filter>TcpServer</Filter>
    </ClCompile>
    <ClCompile Include="ISTcpServer.cpp">
      <Filter>TcpServer</Filter>
    </ClCompile>
    <ClCompile Include="ISTcpSocket.cpp">
      <Filter>TcpServer</Filter>
    </ClCompile>
    <ClCompile Include="ISTcpWorker.cpp">
      <Filter>TcpServer</Filter>
    </ClCompile>
    <ClCompile Include="ISTcpAnswer.cpp">
      <Filter>TcpServer</Filter>
    </ClCompile>
    <ClCompile Include="ISTcpMessage.cpp">
      <Filter>TcpServer</Filter>
    </ClCompile>
    <ClCompile Include="main.cpp">
      <Filter>System</Filter>
    </ClCompile>
  </ItemGroup>
  <ItemGroup>
    <ResourceCompile Include="Carat.rc">
      <Filter>Resource Files</Filter>
    </ResourceCompile>
  </ItemGroup>
  <ItemGroup>
    <ClInclude Include="ISTcpQueue.h">
      <Filter>TcpServer</Filter>
    </ClInclude>
    <ClInclude Include="ISTcpAnswer.h">
      <Filter>TcpServer</Filter>
    </ClInclude>
    <ClInclude Include="ISTcpMessage.h">
      <Filter>TcpServer</Filter>
    </ClInclude>
  </ItemGroup>
  <ItemGroup>
    <QtMoc Include="ISTcpServer.h">
      <Filter>TcpServer</Filter>
    </QtMoc>
    <QtMoc Include="ISTcpSocket.h">
      <Filter>TcpServer</Filter>
    </QtMoc>
    <QtMoc Include="ISTcpWorker.h">
      <Filter>TcpServer</Filter>
    </QtMoc>
  </ItemGroup>
</Project>