<?xml version="1.0" encoding="utf-8"?>
<Project ToolsVersion="4.0" xmlns="http://schemas.microsoft.com/developer/msbuild/2003">
  <ItemGroup>
    <Filter Include="Resource Files">
      <UniqueIdentifier>{D9D6E242-F8AF-46E4-B9FD-80ECBC20BA3E}</UniqueIdentifier>
      <Extensions>qrc;*</Extensions>
      <ParseFiles>false</ParseFiles>
    </Filter>
    <Filter Include="System">
      <UniqueIdentifier>{4FC737F1-C7A5-4376-A066-2A32D752A2FF}</UniqueIdentifier>
      <Extensions>cpp;c;cc;cxx;def;odl;idl;hpj;bat;asm;asmx</Extensions>
    </Filter>
    <Filter Include="Service">
      <UniqueIdentifier>{D9D6E242-F8AF-46E4-B9FD-80ECBC20BA3E}</UniqueIdentifier>
      <Extensions>qrc;*</Extensions>
      <ParseFiles>false</ParseFiles>
    </Filter>
  </ItemGroup>
  <ItemGroup>
    <ClCompile Include="ISCaratApplication.cpp">
      <Filter>System</Filter>
    </ClCompile>
    <ClCompile Include="ISCaratService.cpp">
      <Filter>System</Filter>
    </ClCompile>
    <ClCompile Include="ISProcessCore.cpp">
      <Filter>System</Filter>
    </ClCompile>
    <ClCompile Include="main.cpp">
      <Filter>System</Filter>
    </ClCompile>
    <ClCompile Include="QtService.cpp">
      <Filter>Service</Filter>
    </ClCompile>
    <ClCompile Include="QtService_Win.cpp">
      <Filter>Service</Filter>
    </ClCompile>
  </ItemGroup>
  <ItemGroup>
    <ClInclude Include="ISCaratApplication.h">
      <Filter>System</Filter>
    </ClInclude>
    <ClInclude Include="QtService_p.h">
      <Filter>Service</Filter>
    </ClInclude>
  </ItemGroup>
  <ItemGroup>
    <QtMoc Include="ISCaratService.h">
      <Filter>System</Filter>
    </QtMoc>
    <QtMoc Include="ISProcessCore.h">
      <Filter>System</Filter>
    </QtMoc>
    <QtMoc Include="QtService.h">
      <Filter>Service</Filter>
    </QtMoc>
    <QtMoc Include="qtservice_win.h">
      <Filter>Service</Filter>
    </QtMoc>
  </ItemGroup>
</Project>