<?xml version="1.0" encoding="utf-8"?>
<Project ToolsVersion="4.0" xmlns="http://schemas.microsoft.com/developer/msbuild/2003">
  <ItemGroup>
    <ClCompile Include="PTThreadCarat.cpp">
      <Filter>Source</Filter>
    </ClCompile>
    <ClCompile Include="main.cpp">
      <Filter>Source</Filter>
    </ClCompile>
    <ClCompile Include="PTMainWindow.cpp">
      <Filter>Source</Filter>
    </ClCompile>
    <ClCompile Include="PTThreadWorker.cpp">
      <Filter>Source</Filter>
    </ClCompile>
    <ClCompile Include="PTServerCarat.cpp">
      <Filter>Source</Filter>
    </ClCompile>
  </ItemGroup>
  <ItemGroup>
    <QtMoc Include="PTThreadCarat.h">
      <Filter>Source</Filter>
    </QtMoc>
    <QtMoc Include="PTMainWindow.h">
      <Filter>Source</Filter>
    </QtMoc>
    <QtMoc Include="PTThreadWorker.h">
      <Filter>Source</Filter>
    </QtMoc>
    <QtMoc Include="PTServerCarat.h">
      <Filter>Source</Filter>
    </QtMoc>
  </ItemGroup>
  <ItemGroup>
    <Filter Include="Source">
      <UniqueIdentifier>{93995380-89BD-4b04-88EB-625FBE52EBFB}</UniqueIdentifier>
      <Extensions>h;hh;hpp;hxx;hm;inl;inc;xsd</Extensions>
      <ParseFiles>true</ParseFiles>
    </Filter>
  </ItemGroup>
</Project>